
Microsoft Visual Studio Solution File, Format Version 12.00
# Visual Studio 2012
Project("{8BC9CEB8-8B4A-11D0-8D11-00A0C91BC942}") = "LearCPP2", "LearCPP2\LearCPP2.vcxproj", "{0FCA3535-67BB-47CE-8891-FF7225146A08}"
EndProject
Global
	GlobalSection(SolutionConfigurationPlatforms) = preSolution
		Debug|Win32 = Debug|Win32
		Release|Win32 = Release|Win32
	EndGlobalSection
	GlobalSection(ProjectConfigurationPlatforms) = postSolution
		{0FCA3535-67BB-47CE-8891-FF7225146A08}.Debug|Win32.ActiveCfg = Debug|Win32
		{0FCA3535-67BB-47CE-8891-FF7225146A08}.Debug|Win32.Build.0 = Debug|Win32
		{0FCA3535-67BB-47CE-8891-FF7225146A08}.Release|Win32.ActiveCfg = Release|Win32
		{0FCA3535-67BB-47CE-8891-FF7225146A08}.Release|Win32.Build.0 = Release|Win32
	EndGlobalSection
	GlobalSection(SolutionProperties) = preSolution
		HideSolutionNode = FALSE
	EndGlobalSection
EndGlobal
